PODS:
  - Alamofire (5.6.4)
  - AWSAuthCore (2.36.2):
    - AWSCore (= 2.36.2)
  - AWSCognitoIdentityProvider (2.36.2):
    - AWSCognitoIdentityProviderASF (= 2.36.2)
    - AWSCore (= 2.36.2)
  - AWSCognitoIdentityProviderASF (2.36.2):
    - AWSCore (= 2.36.2)
  - AWSCore (2.36.2)
  - AWSMobileClient (2.36.2):
    - AWSAuthCore (= 2.36.2)
    - AWSCognitoIdentityProvider (= 2.36.2)
    - AWSCognitoIdentityProviderASF (= 2.36.2)
    - AWSCore (= 2.36.2)
  - AWSPinpoint (2.36.2):
    - AWSCore (= 2.36.2)
  - CryptoSwift (1.8.2)
  - Differentiator (5.0.0)
  - IQKeyboardManagerSwift (6.5.11)
  - KeychainAccess (4.2.2)
  - NVActivityIndicatorView (5.1.1):
    - NVActivityIndicatorView/Base (= 5.1.1)
  - NVActivityIndicatorView/Base (5.1.1)
  - ReachabilitySwift (5.0.0)
  - RxCocoa (6.2.0):
    - RxRelay (= 6.2.0)
    - RxSwift (= 6.2.0)
  - RxDataSources (5.0.0):
    - Differentiator (~> 5.0)
    - RxCocoa (~> 6.0)
    - RxSwift (~> 6.0)
  - RxGesture (4.0.4):
    - RxCocoa (~> 6.0)
    - RxSwift (~> 6.0)
  - RxLocalizer (1.7.0):
    - RxCocoa (~> 6.2.0)
    - RxSwift (~> 6.2.0)
  - RxRelay (6.2.0):
    - RxSwift (= 6.2.0)
  - RxSwift (6.2.0)
  - SDWebImage (5.14.3):
    - SDWebImage/Core (= 5.14.3)
  - SDWebImage/Core (5.14.3)
  - SVProgressHUD (2.2.5)
  - SwiftMessages (9.0.6):
    - SwiftMessages/App (= 9.0.6)
  - SwiftMessages/App (9.0.6)
  - SwiftyJSON (5.0.1)
  - Toast-Swift (5.0.1)

DEPENDENCIES:
  - Alamofire (= 5.6.4)
  - AWSMobileClient
  - AWSPinpoint
  - CryptoSwift
  - IQKeyboardManagerSwift (= 6.5.11)
  - KeychainAccess (= 4.2.2)
  - NVActivityIndicatorView (= 5.1.1)
  - ReachabilitySwift (= 5.0.0)
  - RxCocoa
  - RxDataSources
  - RxGesture
  - RxLocalizer
  - RxSwift
  - SDWebImage
  - SVProgressHUD (= 2.2.5)
  - SwiftMessages (= 9.0.6)
  - SwiftyJSON (= 5.0.1)
  - Toast-Swift (= 5.0.1)

SPEC REPOS:
  trunk:
    - Alamofire
    - AWSAuthCore
    - AWSCognitoIdentityProvider
    - AWSCognitoIdentityProviderASF
    - AWSCore
    - AWSMobileClient
    - AWSPinpoint
    - CryptoSwift
    - Differentiator
    - IQKeyboardManagerSwift
    - KeychainAccess
    - NVActivityIndicatorView
    - ReachabilitySwift
    - RxCocoa
    - RxDataSources
    - RxGesture
    - RxLocalizer
    - RxRelay
    - RxSwift
    - SDWebImage
    - SVProgressHUD
    - SwiftMessages
    - SwiftyJSON
    - Toast-Swift

SPEC CHECKSUMS:
  Alamofire: 4e95d97098eacb88856099c4fc79b526a299e48c
  AWSAuthCore: 0cb5d14bba49eaac2c4f470c3363a0dc93cbd5f0
  AWSCognitoIdentityProvider: 8c04f76b85b8c6e3463a36f01a2d3980404efc46
  AWSCognitoIdentityProviderASF: 39f47443203aefdc90d7758bad98fbecf9afbe8d
  AWSCore: 389e60725f6cd23873ffa6a6292c8f38a940fe11
  AWSMobileClient: aad2c8dfeea9806e72000d2be187f2680073a400
  AWSPinpoint: ebf366b9ec5d309c2f30d4d851ef67202e2cb407
  CryptoSwift: c63a805d8bb5e5538e88af4e44bb537776af11ea
  Differentiator: e8497ceab83c1b10ca233716d547b9af21b9344d
  IQKeyboardManagerSwift: c7955c0bdbf7b2eb29bb7daaa44e3d90f55a9a85
  KeychainAccess: c0c4f7f38f6fc7bbe58f5702e25f7bd2f65abf51
  NVActivityIndicatorView: 1f6c5687f1171810aa27a3296814dc2d7dec3667
  ReachabilitySwift: 985039c6f7b23a1da463388634119492ff86c825
  RxCocoa: 4baf94bb35f2c0ab31bc0cb9f1900155f646ba42
  RxDataSources: aa47cc1ed6c500fa0dfecac5c979b723542d79cf
  RxGesture: f3efb47ed2d26a8082f7b660d4a59970e275a7f8
  RxLocalizer: 25464fbd3011635be3a4cd1325ffaa894a8058c4
  RxRelay: e72dbfd157807478401ef1982e1c61c945c94b2f
  RxSwift: d356ab7bee873611322f134c5f9ef379fa183d8f
  SDWebImage: 9c36e66c8ce4620b41a7407698dda44211a96764
  SVProgressHUD: 1428aafac632c1f86f62aa4243ec12008d7a51d6
  SwiftMessages: f0c7ef4705a570ad6c5e208b611f4333e660ed92
  SwiftyJSON: 2f33a42c6fbc52764d96f13368585094bfd8aa5e
  Toast-Swift: 9b6a70f28b3bf0b96c40d46c0c4b9d6639846711

PODFILE CHECKSUM: 31e527f57633e1a3114e3092f9431906e2c708d4

COCOAPODS: 1.15.2
